{
  "version": 4,
  "terraform_version": "0.12.29",
  "serial": 10,
  "lineage": "0dd78ad2-53a5-89b9-9893-f0fe0baa19f2",
  "outputs": {
    "Environment": {
      "value": "dev",
      "type": "string"
    },
    "image_name": {
      "value": "ghost:latest",
      "type": "string"
    }
  },
  "resources": [
    {
      "mode": "managed",
      "type": "docker_container",
      "name": "container_id",
      "provider": "provider.docker",
      "instances": [
        {
          "status": "tainted",
          "schema_version": 2,
          "attributes": {
            "attach": false,
            "bridge": null,
            "capabilities": [],
            "command": null,
            "container_logs": null,
            "cpu_set": null,
            "cpu_shares": null,
            "destroy_grace_seconds": null,
            "devices": [],
            "dns": null,
            "dns_opts": null,
            "dns_search": null,
            "domainname": null,
            "entrypoint": null,
            "env": [],
            "exit_code": null,
            "gateway": null,
            "group_add": null,
            "healthcheck": [],
            "host": [],
            "hostname": null,
            "id": "03cf09848f81b6ec438562e23e55af328fc95ddde5a5ebc84c73d918b80bb583",
            "image": "sha256:39e74eac9a1ab0086446a2a55bc20c9d19d44b3f8bf77269e4f75200158aebcd",
            "ip_address": null,
            "ip_prefix_length": null,
            "ipc_mode": null,
            "labels": [],
            "links": null,
            "log_driver": null,
            "log_opts": null,
            "logs": false,
            "max_retry_count": null,
            "memory": null,
            "memory_swap": null,
            "mounts": [],
            "must_run": true,
            "name": "dev_blog",
            "network_alias": null,
            "network_data": null,
            "network_mode": null,
            "networks": null,
            "networks_advanced": [],
            "pid_mode": null,
            "ports": [
              {
                "external": 8080,
                "internal": 2368,
                "ip": "0.0.0.0",
                "protocol": "tcp"
              }
            ],
            "privileged": null,
            "publish_all_ports": null,
            "read_only": false,
            "restart": "no",
            "rm": false,
            "shm_size": null,
            "start": true,
            "sysctls": null,
            "tmpfs": null,
            "ulimit": [],
            "upload": [],
            "user": null,
            "userns_mode": null,
            "volumes": [],
            "working_dir": null
          },
          "private": "eyJzY2hlbWFfdmVyc2lvbiI6IjIifQ==",
          "dependencies": [
            "docker_image.image_id"
          ]
        }
      ]
    },
    {
      "mode": "managed",
      "type": "docker_image",
      "name": "image_id",
      "provider": "provider.docker",
      "instances": [
        {
          "schema_version": 0,
          "attributes": {
            "id": "sha256:39e74eac9a1ab0086446a2a55bc20c9d19d44b3f8bf77269e4f75200158aebcdghost:latest",
            "keep_locally": null,
            "latest": "sha256:39e74eac9a1ab0086446a2a55bc20c9d19d44b3f8bf77269e4f75200158aebcd",
            "name": "ghost:latest",
            "pull_trigger": null,
            "pull_triggers": null
          },
          "private": "bnVsbA=="
        }
      ]
    }
  ]
}
